
Microsoft Visual Studio Solution File, Format Version 12.00
# Visual Studio Version 16
VisualStudioVersion = 16.0.31729.503
MinimumVisualStudioVersion = 10.0.40219.1
Project("{FAE04EC0-301F-11D3-BF4B-00C04F79EFBC}") = "CesaròPasswordGeneratoreApp", "CesaròPasswordGeneratoreApp\CesaròPasswordGeneratoreApp.csproj", "{111A647D-8BDB-47CC-BB98-C09C1249374E}"
EndProject
Global
	GlobalSection(SolutionConfigurationPlatforms) = preSolution
		Debug|Any CPU = Debug|Any CPU
		Release|Any CPU = Release|Any CPU
	EndGlobalSection
	GlobalSection(ProjectConfigurationPlatforms) = postSolution
		{111A647D-8BDB-47CC-BB98-C09C1249374E}.Debug|Any CPU.ActiveCfg = Debug|Any CPU
		{111A647D-8BDB-47CC-BB98-C09C1249374E}.Debug|Any CPU.Build.0 = Debug|Any CPU
		{111A647D-8BDB-47CC-BB98-C09C1249374E}.Release|Any CPU.ActiveCfg = Release|Any CPU
		{111A647D-8BDB-47CC-BB98-C09C1249374E}.Release|Any CPU.Build.0 = Release|Any CPU
	EndGlobalSection
	GlobalSection(SolutionProperties) = preSolution
		HideSolutionNode = FALSE
	EndGlobalSection
	GlobalSection(ExtensibilityGlobals) = postSolution
		SolutionGuid = {5AE4E6CF-9F49-40F2-88F2-229A8076A095}
	EndGlobalSection
EndGlobal
